
Microsoft Visual Studio Solution File, Format Version 12.00
# Visual Studio Version 16
VisualStudioVersion = 16.0.31829.152
MinimumVisualStudioVersion = 10.0.40219.1
Project("{9A19103F-16F7-4668-BE54-9A1E7A4F7556}") = "lab3", "lab3\lab3.csproj", "{575F91FE-FB4F-41AE-A0C0-9BC78DD08AA0}"
EndProject
Global
	GlobalSection(SolutionConfigurationPlatforms) = preSolution
		Debug|Any CPU = Debug|Any CPU
		Release|Any CPU = Release|Any CPU
	EndGlobalSection
	GlobalSection(ProjectConfigurationPlatforms) = postSolution
		{575F91FE-FB4F-41AE-A0C0-9BC78DD08AA0}.Debug|Any CPU.ActiveCfg = Debug|Any CPU
		{575F91FE-FB4F-41AE-A0C0-9BC78DD08AA0}.Debug|Any CPU.Build.0 = Debug|Any CPU
		{575F91FE-FB4F-41AE-A0C0-9BC78DD08AA0}.Release|Any CPU.ActiveCfg = Release|Any CPU
		{575F91FE-FB4F-41AE-A0C0-9BC78DD08AA0}.Release|Any CPU.Build.0 = Release|Any CPU
	EndGlobalSection
	GlobalSection(SolutionProperties) = preSolution
		HideSolutionNode = FALSE
	EndGlobalSection
	GlobalSection(ExtensibilityGlobals) = postSolution
		SolutionGuid = {CB586A45-82C1-4370-AEBB-70F174DD61D4}
	EndGlobalSection
EndGlobal
